
Microsoft Visual Studio Solution File, Format Version 12.00
# Visual Studio Version 17
VisualStudioVersion = 17.0.31903.59
MinimumVisualStudioVersion = 10.0.40219.1
Project("{FAE04EC0-301F-11D3-BF4B-00C04F79EFBC}") = "Shared", "..\SharedLibrary\src\Shared\Shared.csproj", "{96841E82-A3C0-4F97-AC59-254BB2228CC6}"
EndProject
Project("{2150E333-8FDC-42A3-9474-1A3956D46DE8}") = "src", "src", "{827E0CD3-B72D-47B6-A68D-7590B98EB39B}"
EndProject
Project("{FAE04EC0-301F-11D3-BF4B-00C04F79EFBC}") = "Smdb.Core", "src\Smdb.Core\Smdb.Core.csproj", "{5BC81A0B-B3A5-4DCA-8150-B934DDD8150D}"
EndProject
Project("{2150E333-8FDC-42A3-9474-1A3956D46DE8}") = "tests", "tests", "{0AB3BF05-4346-4AA6-1389-037BE0695223}"
EndProject
Project("{FAE04EC0-301F-11D3-BF4B-00C04F79EFBC}") = "Smdb.Core.Test", "tests\Smdb.Core.Test\Smdb.Core.Test.csproj", "{2881D638-3CFA-4425-8342-A05207E180B8}"
EndProject
Project("{FAE04EC0-301F-11D3-BF4B-00C04F79EFBC}") = "Smdb.Api", "src\Smdb.Api\Smdb.Api.csproj", "{AB57B099-6934-4432-B77D-23EAD2B66210}"
EndProject
Project("{FAE04EC0-301F-11D3-BF4B-00C04F79EFBC}") = "Smdb.Api.Test", "tests\Smdb.Api.Test\Smdb.Api.Test.csproj", "{3E25E207-1063-47CC-BC09-AEAABE70A329}"
EndProject
Project("{FAE04EC0-301F-11D3-BF4B-00C04F79EFBC}") = "Smdb.Csr", "src\Smdb.Csr\Smdb.Csr.csproj", "{5E4281CD-2E6D-4FEE-8FC3-15F285739D20}"
EndProject
Project("{FAE04EC0-301F-11D3-BF4B-00C04F79EFBC}") = "Smdb.Csr.Test", "tests\Smdb.Csr.Test\Smdb.Csr.Test.csproj", "{89944707-0195-4449-B257-8D88FDB7B111}"
EndProject
Global
	GlobalSection(SolutionConfigurationPlatforms) = preSolution
		Debug|Any CPU = Debug|Any CPU
		Debug|x64 = Debug|x64
		Debug|x86 = Debug|x86
		Release|Any CPU = Release|Any CPU
		Release|x64 = Release|x64
		Release|x86 = Release|x86
	EndGlobalSection
	GlobalSection(ProjectConfigurationPlatforms) = postSolution
		{96841E82-A3C0-4F97-AC59-254BB2228CC6}.Debug|Any CPU.ActiveCfg = Debug|Any CPU
		{96841E82-A3C0-4F97-AC59-254BB2228CC6}.Debug|Any CPU.Build.0 = Debug|Any CPU
		{96841E82-A3C0-4F97-AC59-254BB2228CC6}.Debug|x64.ActiveCfg = Debug|Any CPU
		{96841E82-A3C0-4F97-AC59-254BB2228CC6}.Debug|x64.Build.0 = Debug|Any CPU
		{96841E82-A3C0-4F97-AC59-254BB2228CC6}.Debug|x86.ActiveCfg = Debug|Any CPU
		{96841E82-A3C0-4F97-AC59-254BB2228CC6}.Debug|x86.Build.0 = Debug|Any CPU
		{96841E82-A3C0-4F97-AC59-254BB2228CC6}.Release|Any CPU.ActiveCfg = Release|Any CPU
		{96841E82-A3C0-4F97-AC59-254BB2228CC6}.Release|Any CPU.Build.0 = Release|Any CPU
		{96841E82-A3C0-4F97-AC59-254BB2228CC6}.Release|x64.ActiveCfg = Release|Any CPU
		{96841E82-A3C0-4F97-AC59-254BB2228CC6}.Release|x64.Build.0 = Release|Any CPU
		{96841E82-A3C0-4F97-AC59-254BB2228CC6}.Release|x86.ActiveCfg = Release|Any CPU
		{96841E82-A3C0-4F97-AC59-254BB2228CC6}.Release|x86.Build.0 = Release|Any CPU
		{5BC81A0B-B3A5-4DCA-8150-B934DDD8150D}.Debug|Any CPU.ActiveCfg = Debug|Any CPU
		{5BC81A0B-B3A5-4DCA-8150-B934DDD8150D}.Debug|Any CPU.Build.0 = Debug|Any CPU
		{5BC81A0B-B3A5-4DCA-8150-B934DDD8150D}.Debug|x64.ActiveCfg = Debug|Any CPU
		{5BC81A0B-B3A5-4DCA-8150-B934DDD8150D}.Debug|x64.Build.0 = Debug|Any CPU
		{5BC81A0B-B3A5-4DCA-8150-B934DDD8150D}.Debug|x86.ActiveCfg = Debug|Any CPU
		{5BC81A0B-B3A5-4DCA-8150-B934DDD8150D}.Debug|x86.Build.0 = Debug|Any CPU
		{5BC81A0B-B3A5-4DCA-8150-B934DDD8150D}.Release|Any CPU.ActiveCfg = Release|Any CPU
		{5BC81A0B-B3A5-4DCA-8150-B934DDD8150D}.Release|Any CPU.Build.0 = Release|Any CPU
		{5BC81A0B-B3A5-4DCA-8150-B934DDD8150D}.Release|x64.ActiveCfg = Release|Any CPU
		{5BC81A0B-B3A5-4DCA-8150-B934DDD8150D}.Release|x64.Build.0 = Release|Any CPU
		{5BC81A0B-B3A5-4DCA-8150-B934DDD8150D}.Release|x86.ActiveCfg = Release|Any CPU
		{5BC81A0B-B3A5-4DCA-8150-B934DDD8150D}.Release|x86.Build.0 = Release|Any CPU
		{2881D638-3CFA-4425-8342-A05207E180B8}.Debug|Any CPU.ActiveCfg = Debug|Any CPU
		{2881D638-3CFA-4425-8342-A05207E180B8}.Debug|Any CPU.Build.0 = Debug|Any CPU
		{2881D638-3CFA-4425-8342-A05207E180B8}.Debug|x64.ActiveCfg = Debug|Any CPU
		{2881D638-3CFA-4425-8342-A05207E180B8}.Debug|x64.Build.0 = Debug|Any CPU
		{2881D638-3CFA-4425-8342-A05207E180B8}.Debug|x86.ActiveCfg = Debug|Any CPU
		{2881D638-3CFA-4425-8342-A05207E180B8}.Debug|x86.Build.0 = Debug|Any CPU
		{2881D638-3CFA-4425-8342-A05207E180B8}.Release|Any CPU.ActiveCfg = Release|Any CPU
		{2881D638-3CFA-4425-8342-A05207E180B8}.Release|Any CPU.Build.0 = Release|Any CPU
		{2881D638-3CFA-4425-8342-A05207E180B8}.Release|x64.ActiveCfg = Release|Any CPU
		{2881D638-3CFA-4425-8342-A05207E180B8}.Release|x64.Build.0 = Release|Any CPU
		{2881D638-3CFA-4425-8342-A05207E180B8}.Release|x86.ActiveCfg = Release|Any CPU
		{2881D638-3CFA-4425-8342-A05207E180B8}.Release|x86.Build.0 = Release|Any CPU
		{AB57B099-6934-4432-B77D-23EAD2B66210}.Debug|Any CPU.ActiveCfg = Debug|Any CPU
		{AB57B099-6934-4432-B77D-23EAD2B66210}.Debug|Any CPU.Build.0 = Debug|Any CPU
		{AB57B099-6934-4432-B77D-23EAD2B66210}.Debug|x64.ActiveCfg = Debug|Any CPU
		{AB57B099-6934-4432-B77D-23EAD2B66210}.Debug|x64.Build.0 = Debug|Any CPU
		{AB57B099-6934-4432-B77D-23EAD2B66210}.Debug|x86.ActiveCfg = Debug|Any CPU
		{AB57B099-6934-4432-B77D-23EAD2B66210}.Debug|x86.Build.0 = Debug|Any CPU
		{AB57B099-6934-4432-B77D-23EAD2B66210}.Release|Any CPU.ActiveCfg = Release|Any CPU
		{AB57B099-6934-4432-B77D-23EAD2B66210}.Release|Any CPU.Build.0 = Release|Any CPU
		{AB57B099-6934-4432-B77D-23EAD2B66210}.Release|x64.ActiveCfg = Release|Any CPU
		{AB57B099-6934-4432-B77D-23EAD2B66210}.Release|x64.Build.0 = Release|Any CPU
		{AB57B099-6934-4432-B77D-23EAD2B66210}.Release|x86.ActiveCfg = Release|Any CPU
		{AB57B099-6934-4432-B77D-23EAD2B66210}.Release|x86.Build.0 = Release|Any CPU
		{3E25E207-1063-47CC-BC09-AEAABE70A329}.Debug|Any CPU.ActiveCfg = Debug|Any CPU
		{3E25E207-1063-47CC-BC09-AEAABE70A329}.Debug|Any CPU.Build.0 = Debug|Any CPU
		{3E25E207-1063-47CC-BC09-AEAABE70A329}.Debug|x64.ActiveCfg = Debug|Any CPU
		{3E25E207-1063-47CC-BC09-AEAABE70A329}.Debug|x64.Build.0 = Debug|Any CPU
		{3E25E207-1063-47CC-BC09-AEAABE70A329}.Debug|x86.ActiveCfg = Debug|Any CPU
		{3E25E207-1063-47CC-BC09-AEAABE70A329}.Debug|x86.Build.0 = Debug|Any CPU
		{3E25E207-1063-47CC-BC09-AEAABE70A329}.Release|Any CPU.ActiveCfg = Release|Any CPU
		{3E25E207-1063-47CC-BC09-AEAABE70A329}.Release|Any CPU.Build.0 = Release|Any CPU
		{3E25E207-1063-47CC-BC09-AEAABE70A329}.Release|x64.ActiveCfg = Release|Any CPU
		{3E25E207-1063-47CC-BC09-AEAABE70A329}.Release|x64.Build.0 = Release|Any CPU
		{3E25E207-1063-47CC-BC09-AEAABE70A329}.Release|x86.ActiveCfg = Release|Any CPU
		{3E25E207-1063-47CC-BC09-AEAABE70A329}.Release|x86.Build.0 = Release|Any CPU
		{5E4281CD-2E6D-4FEE-8FC3-15F285739D20}.Debug|Any CPU.ActiveCfg = Debug|Any CPU
		{5E4281CD-2E6D-4FEE-8FC3-15F285739D20}.Debug|Any CPU.Build.0 = Debug|Any CPU
		{5E4281CD-2E6D-4FEE-8FC3-15F285739D20}.Debug|x64.ActiveCfg = Debug|Any CPU
		{5E4281CD-2E6D-4FEE-8FC3-15F285739D20}.Debug|x64.Build.0 = Debug|Any CPU
		{5E4281CD-2E6D-4FEE-8FC3-15F285739D20}.Debug|x86.ActiveCfg = Debug|Any CPU
		{5E4281CD-2E6D-4FEE-8FC3-15F285739D20}.Debug|x86.Build.0 = Debug|Any CPU
		{5E4281CD-2E6D-4FEE-8FC3-15F285739D20}.Release|Any CPU.ActiveCfg = Release|Any CPU
		{5E4281CD-2E6D-4FEE-8FC3-15F285739D20}.Release|Any CPU.Build.0 = Release|Any CPU
		{5E4281CD-2E6D-4FEE-8FC3-15F285739D20}.Release|x64.ActiveCfg = Release|Any CPU
		{5E4281CD-2E6D-4FEE-8FC3-15F285739D20}.Release|x64.Build.0 = Release|Any CPU
		{5E4281CD-2E6D-4FEE-8FC3-15F285739D20}.Release|x86.ActiveCfg = Release|Any CPU
		{5E4281CD-2E6D-4FEE-8FC3-15F285739D20}.Release|x86.Build.0 = Release|Any CPU
		{89944707-0195-4449-B257-8D88FDB7B111}.Debug|Any CPU.ActiveCfg = Debug|Any CPU
		{89944707-0195-4449-B257-8D88FDB7B111}.Debug|Any CPU.Build.0 = Debug|Any CPU
		{89944707-0195-4449-B257-8D88FDB7B111}.Debug|x64.ActiveCfg = Debug|Any CPU
		{89944707-0195-4449-B257-8D88FDB7B111}.Debug|x64.Build.0 = Debug|Any CPU
		{89944707-0195-4449-B257-8D88FDB7B111}.Debug|x86.ActiveCfg = Debug|Any CPU
		{89944707-0195-4449-B257-8D88FDB7B111}.Debug|x86.Build.0 = Debug|Any CPU
		{89944707-0195-4449-B257-8D88FDB7B111}.Release|Any CPU.ActiveCfg = Release|Any CPU
		{89944707-0195-4449-B257-8D88FDB7B111}.Release|Any CPU.Build.0 = Release|Any CPU
		{89944707-0195-4449-B257-8D88FDB7B111}.Release|x64.ActiveCfg = Release|Any CPU
		{89944707-0195-4449-B257-8D88FDB7B111}.Release|x64.Build.0 = Release|Any CPU
		{89944707-0195-4449-B257-8D88FDB7B111}.Release|x86.ActiveCfg = Release|Any CPU
		{89944707-0195-4449-B257-8D88FDB7B111}.Release|x86.Build.0 = Release|Any CPU
	EndGlobalSection
	GlobalSection(SolutionProperties) = preSolution
		HideSolutionNode = FALSE
	EndGlobalSection
	GlobalSection(NestedProjects) = preSolution
		{5BC81A0B-B3A5-4DCA-8150-B934DDD8150D} = {827E0CD3-B72D-47B6-A68D-7590B98EB39B}
		{2881D638-3CFA-4425-8342-A05207E180B8} = {0AB3BF05-4346-4AA6-1389-037BE0695223}
		{AB57B099-6934-4432-B77D-23EAD2B66210} = {827E0CD3-B72D-47B6-A68D-7590B98EB39B}
		{3E25E207-1063-47CC-BC09-AEAABE70A329} = {0AB3BF05-4346-4AA6-1389-037BE0695223}
		{5E4281CD-2E6D-4FEE-8FC3-15F285739D20} = {827E0CD3-B72D-47B6-A68D-7590B98EB39B}
		{89944707-0195-4449-B257-8D88FDB7B111} = {0AB3BF05-4346-4AA6-1389-037BE0695223}
	EndGlobalSection
EndGlobal
